# THIS IS AN AUTOGENERATED FILE. DO NOT EDIT THIS FILE DIRECTLY.
# yarn lockfile v1


"@linaria/core@^3.0.0-beta.4":
  version "3.0.0-beta.4"
  resolved "https://registry.yarnpkg.com/@linaria/core/-/core-3.0.0-beta.4.tgz#ae878874773c15b189792e277771f68fef18019a"
  integrity sha512-NzxeMDxRt57nR6tLFZ8xIstp5ld9JQPIyp9+TKtQZhoX3oJuUru+S4vXPr1Gach6VaqKKKT5T6fmJgJl9MMprw==
